
Microsoft Visual Studio Solution File, Format Version 12.00
# Visual Studio 15
VisualStudioVersion = 15.0.28307.902
MinimumVisualStudioVersion = 10.0.40219.1
Project("{8BC9CEB8-8B4A-11D0-8D11-00A0C91BC942}") = "Buas-Assesment", "Buas-Assesment\Buas-Assesment.vcxproj", "{4DD1CE37-C76B-44EA-A421-7F40C850C628}"
EndProject
Global
	GlobalSection(SolutionConfigurationPlatforms) = preSolution
		Debug|x64 = Debug|x64
		Debug|x86 = Debug|x86
		Release|x64 = Release|x64
		Release|x86 = Release|x86
	EndGlobalSection
	GlobalSection(ProjectConfigurationPlatforms) = postSolution
		{4DD1CE37-C76B-44EA-A421-7F40C850C628}.Debug|x64.ActiveCfg = Debug|x64
		{4DD1CE37-C76B-44EA-A421-7F40C850C628}.Debug|x64.Build.0 = Debug|x64
		{4DD1CE37-C76B-44EA-A421-7F40C850C628}.Debug|x86.ActiveCfg = Debug|Win32
		{4DD1CE37-C76B-44EA-A421-7F40C850C628}.Debug|x86.Build.0 = Debug|Win32
		{4DD1CE37-C76B-44EA-A421-7F40C850C628}.Release|x64.ActiveCfg = Release|x64
		{4DD1CE37-C76B-44EA-A421-7F40C850C628}.Release|x64.Build.0 = Release|x64
		{4DD1CE37-C76B-44EA-A421-7F40C850C628}.Release|x86.ActiveCfg = Release|Win32
		{4DD1CE37-C76B-44EA-A421-7F40C850C628}.Release|x86.Build.0 = Release|Win32
	EndGlobalSection
	GlobalSection(SolutionProperties) = preSolution
		HideSolutionNode = FALSE
	EndGlobalSection
	GlobalSection(ExtensibilityGlobals) = postSolution
		SolutionGuid = {AF159597-E124-4D62-8575-B1F1AED1BE7D}
	EndGlobalSection
EndGlobal
